
Microsoft Visual Studio Solution File, Format Version 12.00
# Visual Studio Version 17
VisualStudioVersion = 17.4.33213.308
MinimumVisualStudioVersion = 10.0.40219.1
Project("{9A19103F-16F7-4668-BE54-9A1E7A4F7556}") = "ParserXml", "ParserXml\ParserXml.csproj", "{9E65F5C5-DE9E-4A54-87B6-844B6381202A}"
EndProject
Global
	GlobalSection(SolutionConfigurationPlatforms) = preSolution
		Debug|Any CPU = Debug|Any CPU
		Release|Any CPU = Release|Any CPU
	EndGlobalSection
	GlobalSection(ProjectConfigurationPlatforms) = postSolution
		{9E65F5C5-DE9E-4A54-87B6-844B6381202A}.Debug|Any CPU.ActiveCfg = Debug|Any CPU
		{9E65F5C5-DE9E-4A54-87B6-844B6381202A}.Debug|Any CPU.Build.0 = Debug|Any CPU
		{9E65F5C5-DE9E-4A54-87B6-844B6381202A}.Release|Any CPU.ActiveCfg = Release|Any CPU
		{9E65F5C5-DE9E-4A54-87B6-844B6381202A}.Release|Any CPU.Build.0 = Release|Any CPU
	EndGlobalSection
	GlobalSection(SolutionProperties) = preSolution
		HideSolutionNode = FALSE
	EndGlobalSection
	GlobalSection(ExtensibilityGlobals) = postSolution
		SolutionGuid = {441F0952-4ED0-496A-8676-60214491BB8B}
	EndGlobalSection
EndGlobal
